// !$*UTF8*$!
{
	archiveVersion = 1;
	classes = {
	};
	objectVersion = 50;
	objects = {

/* Begin PBXBuildFile section */
		FB0A25E421247C2A007663B8 /* Agent.swift in Sources */ = {isa = PBXBuildFile; fileRef = FB0A25E321247C2A007663B8 /* Agent.swift */; };
		FB2DB6D2212ECBA50006F19A /* NeuralNetwork.swift in Sources */ = {isa = PBXBuildFile; fileRef = FB2DB6D1212ECBA50006F19A /* NeuralNetwork.swift */; };
		FBB8999B21215A78003E23A7 /* AppDelegate.swift in Sources */ = {isa = PBXBuildFile; fileRef = FBB8999A21215A78003E23A7 /* AppDelegate.swift */; };
		FBB8999D21215A78003E23A7 /* GameScene.sks in Resources */ = {isa = PBXBuildFile; fileRef = FBB8999C21215A78003E23A7 /* GameScene.sks */; };
		FBB899A121215A78003E23A7 /* GameScene.swift in Sources */ = {isa = PBXBuildFile; fileRef = FBB899A021215A78003E23A7 /* GameScene.swift */; };
		FBB899A321215A78003E23A7 /* GameViewController.swift in Sources */ = {isa = PBXBuildFile; fileRef = FBB899A221215A78003E23A7 /* GameViewController.swift */; };
		FBB899A621215A78003E23A7 /* Main.storyboard in Resources */ = {isa = PBXBuildFile; fileRef = FBB899A421215A78003E23A7 /* Main.storyboard */; };
		FBB899A821215A79003E23A7 /* Assets.xcassets in Resources */ = {isa = PBXBuildFile; fileRef = FBB899A721215A79003E23A7 /* Assets.xcassets */; };
		FBB899AB21215A79003E23A7 /* LaunchScreen.storyboard in Resources */ = {isa = PBXBuildFile; fileRef = FBB899A921215A79003E23A7 /* LaunchScreen.storyboard */; };
/* End PBXBuildFile section */

/* Begin PBXFileReference section */
		FB0A25E321247C2A007663B8 /* Agent.swift */ = {isa = PBXFileReference; lastKnownFileType = sourcecode.swift; path = Agent.swift; sourceTree = "<group>"; };
		FB2DB6D1212ECBA50006F19A /* NeuralNetwork.swift */ = {isa = PBXFileReference; lastKnownFileType = sourcecode.swift; path = NeuralNetwork.swift; sourceTree = "<group>"; };
		FBB8999721215A78003E23A7 /* CartPoleDeep.app */ = {isa = PBXFileReference; explicitFileType = wrapper.application; includeInIndex = 0; path = CartPoleDeep.app; sourceTree = BUILT_PRODUCTS_DIR; };
		FBB8999A21215A78003E23A7 /* AppDelegate.swift */ = {isa = PBXFileReference; lastKnownFileType = sourcecode.swift; path = AppDelegate.swift; sourceTree = "<group>"; };
		FBB8999C21215A78003E23A7 /* GameScene.sks */ = {isa = PBXFileReference; lastKnownFileType = file.sks; path = GameScene.sks; sourceTree = "<group>"; };
		FBB899A021215A78003E23A7 /* GameScene.swift */ = {isa = PBXFileReference; lastKnownFileType = sourcecode.swift; path = GameScene.swift; sourceTree = "<group>"; };
		FBB899A221215A78003E23A7 /* GameViewController.swift */ = {isa = PBXFileReference; lastKnownFileType = sourcecode.swift; path = GameViewController.swift; sourceTree = "<group>"; };
		FBB899A521215A78003E23A7 /* Base */ = {isa = PBXFileReference; lastKnownFileType = file.storyboard; name = Base; path = Base.lproj/Main.storyboard; sourceTree = "<group>"; };
		FBB899A721215A79003E23A7 /* Assets.xcassets */ = {isa = PBXFileReference; lastKnownFileType = folder.assetcatalog; path = Assets.xcassets; sourceTree = "<group>"; };
		FBB899AA21215A79003E23A7 /* Base */ = {isa = PBXFileReference; lastKnownFileType = file.storyboard; name = Base; path = Base.lproj/LaunchScreen.storyboard; sourceTree = "<group>"; };
		FBB899AC21215A79003E23A7 /* Info.plist */ = {isa = PBXFileReference; lastKnownFileType = text.plist.xml; path = Info.plist; sourceTree = "<group>"; };
/* End PBXFileReference section */

/* Begin PBXFrameworksBuildPhase section */
		FBB8999421215A78003E23A7 /* Frameworks */ = {
			isa = PBXFrameworksBuildPhase;
			buildActionMask = 2147483647;
			files = (
			);
			runOnlyForDeploymentPostprocessing = 0;
		};
/* End PBXFrameworksBuildPhase section */

/* Begin PBXGroup section */
		FBB8998E21215A78003E23A7 = {
			isa = PBXGroup;
			children = (
				FBB8999921215A78003E23A7 /* CartPole */,
				FBB8999821215A78003E23A7 /* Products */,
			);
			sourceTree = "<group>";
		};
		FBB8999821215A78003E23A7 /* Products */ = {
			isa = PBXGroup;
			children = (
				FBB8999721215A78003E23A7 /* CartPoleDeep.app */,
			);
			name = Products;
			sourceTree = "<group>";
		};
		FBB8999921215A78003E23A7 /* CartPole */ = {
			isa = PBXGroup;
			children = (
				FBB8999A21215A78003E23A7 /* AppDelegate.swift */,
				FBB8999C21215A78003E23A7 /* GameScene.sks */,
				FBB899A021215A78003E23A7 /* GameScene.swift */,
				FBB899A221215A78003E23A7 /* GameViewController.swift */,
				FB0A25E321247C2A007663B8 /* Agent.swift */,
				FB2DB6D1212ECBA50006F19A /* NeuralNetwork.swift */,
				FBB899A421215A78003E23A7 /* Main.storyboard */,
				FBB899A721215A79003E23A7 /* Assets.xcassets */,
				FBB899A921215A79003E23A7 /* LaunchScreen.storyboard */,
				FBB899AC21215A79003E23A7 /* Info.plist */,
			);
			path = CartPole;
			sourceTree = "<group>";
		};
/* End PBXGroup section */

/* Begin PBXNativeTarget section */
		FBB8999621215A78003E23A7 /* CartPoleDeep */ = {
			isa = PBXNativeTarget;
			buildConfigurationList = FBB899AF21215A79003E23A7 /* Build configuration list for PBXNativeTarget "CartPoleDeep" */;
			buildPhases = (
				FBB8999321215A78003E23A7 /* Sources */,
				FBB8999421215A78003E23A7 /* Frameworks */,
				FBB8999521215A78003E23A7 /* Resources */,
			);
			buildRules = (
			);
			dependencies = (
			);
			name = CartPoleDeep;
			productName = CertPole;
			productReference = FBB8999721215A78003E23A7 /* CartPoleDeep.app */;
			productType = "com.apple.product-type.application";
		};
/* End PBXNativeTarget section */

/* Begin PBXProject section */
		FBB8998F21215A78003E23A7 /* Project object */ = {
			isa = PBXProject;
			attributes = {
				LastSwiftUpdateCheck = 0940;
				LastUpgradeCheck = 0940;
				ORGANIZATIONNAME = "Yukinaga Azuma";
				TargetAttributes = {
					FBB8999621215A78003E23A7 = {
						CreatedOnToolsVersion = 9.4.1;
					};
				};
			};
			buildConfigurationList = FBB8999221215A78003E23A7 /* Build configuration list for PBXProject "CartPoleDeep" */;
			compatibilityVersion = "Xcode 9.3";
			developmentRegion = en;
			hasScannedForEncodings = 0;
			knownRegions = (
				en,
				Base,
			);
			mainGroup = FBB8998E21215A78003E23A7;
			productRefGroup = FBB8999821215A78003E23A7 /* Products */;
			projectDirPath = "";
			projectRoot = "";
			targets = (
				FBB8999621215A78003E23A7 /* CartPoleDeep */,
			);
		};
/* End PBXProject section */

/* Begin PBXResourcesBuildPhase section */
		FBB8999521215A78003E23A7 /* Resources */ = {
			isa = PBXResourcesBuildPhase;
			buildActionMask = 2147483647;
			files = (
				FBB899A621215A78003E23A7 /* Main.storyboard in Resources */,
				FBB8999D21215A78003E23A7 /* GameScene.sks in Resources */,
				FBB899A821215A79003E23A7 /* Assets.xcassets in Resources */,
				FBB899AB21215A79003E23A7 /* LaunchScreen.storyboard in Resources */,
			);
			runOnlyForDeploymentPostprocessing = 0;
		};
/* End PBXResourcesBuildPhase section */

/* Begin PBXSourcesBuildPhase section */
		FBB8999321215A78003E23A7 /* Sources */ = {
			isa = PBXSourcesBuildPhase;
			buildActionMask = 2147483647;
			files = (
				FB2DB6D2212ECBA50006F19A /* NeuralNetwork.swift in Sources */,
				FBB899A121215A78003E23A7 /* GameScene.swift in Sources */,
				FB0A25E421247C2A007663B8 /* Agent.swift in Sources */,
				FBB899A321215A78003E23A7 /* GameViewController.swift in Sources */,
				FBB8999B21215A78003E23A7 /* AppDelegate.swift in Sources */,
			);
			runOnlyForDeploymentPostprocessing = 0;
		};
/* End PBXSourcesBuildPhase section */

/* Begin PBXVariantGroup section */
		FBB899A421215A78003E23A7 /* Main.storyboard */ = {
			isa = PBXVariantGroup;
			children = (
				FBB899A521215A78003E23A7 /* Base */,
			);
			name = Main.storyboard;
			sourceTree = "<group>";
		};
		FBB899A921215A79003E23A7 /* LaunchScreen.storyboard */ = {
			isa = PBXVariantGroup;
			children = (
				FBB899AA21215A79003E23A7 /* Base */,
			);
			name = LaunchScreen.storyboard;
			sourceTree = "<group>";
		};
/* End PBXVariantGroup section */

/* Begin XCBuildConfiguration section */
		FBB899AD21215A79003E23A7 /* Debug */ = {
			isa = XCBuildConfiguration;
			buildSettings = {
				ALWAYS_SEARCH_USER_PATHS = NO;
				CLANG_ANALYZER_NONNULL = YES;
				CLANG_ANALYZER_NUMBER_OBJECT_CONVERSION = YES_AGGRESSIVE;
				CLANG_CXX_LANGUAGE_STANDARD = "gnu++14";
				CLANG_CXX_LIBRARY = "libc++";
				CLANG_ENABLE_MODULES = YES;
				CLANG_ENABLE_OBJC_ARC = YES;
				CLANG_ENABLE_OBJC_WEAK = YES;
				CLANG_WARN_BLOCK_CAPTURE_AUTORELEASING = YES;
				CLANG_WARN_BOOL_CONVERSION = YES;
				CLANG_WARN_COMMA = YES;
				CLANG_WARN_CONSTANT_CONVERSION = YES;
				CLANG_WARN_DEPRECATED_OBJC_IMPLEMENTATIONS = YES;
				CLANG_WARN_DIRECT_OBJC_ISA_USAGE = YES_ERROR;
				CLANG_WARN_DOCUMENTATION_COMMENTS = YES;
				CLANG_WARN_EMPTY_BODY = YES;
				CLANG_WARN_ENUM_CONVERSION = YES;
				CLANG_WARN_INFINITE_RECURSION = YES;
				CLANG_WARN_INT_CONVERSION = YES;
				CLANG_WARN_NON_LITERAL_NULL_CONVERSION = YES;
				CLANG_WARN_OBJC_IMPLICIT_RETAIN_SELF = YES;
				CLANG_WARN_OBJC_LITERAL_CONVERSION = YES;
				CLANG_WARN_OBJC_ROOT_CLASS = YES_ERROR;
				CLANG_WARN_RANGE_LOOP_ANALYSIS = YES;
				CLANG_WARN_STRICT_PROTOTYPES = YES;
				CLANG_WARN_SUSPICIOUS_MOVE = YES;
				CLANG_WARN_UNGUARDED_AVAILABILITY = YES_AGGRESSIVE;
				CLANG_WARN_UNREACHABLE_CODE = YES;
				CLANG_WARN__DUPLICATE_METHOD_MATCH = YES;
				CODE_SIGN_IDENTITY = "iPhone Developer";
				COPY_PHASE_STRIP = NO;
				DEBUG_INFORMATION_FORMAT = dwarf;
				ENABLE_STRICT_OBJC_MSGSEND = YES;
				ENABLE_TESTABILITY = YES;
				GCC_C_LANGUAGE_STANDARD = gnu11;
				GCC_DYNAMIC_NO_PIC = NO;
				GCC_NO_COMMON_BLOCKS = YES;
				GCC_OPTIMIZATION_LEVEL = 0;
				GCC_PREPROCESSOR_DEFINITIONS = (
					"DEBUG=1",
					"$(inherited)",
				);
				GCC_WARN_64_TO_32_BIT_CONVERSION = YES;
				GCC_WARN_ABOUT_RETURN_TYPE = YES_ERROR;
				GCC_WARN_UNDECLARED_SELECTOR = YES;
				GCC_WARN_UNINITIALIZED_AUTOS = YES_AGGRESSIVE;
				GCC_WARN_UNUSED_FUNCTION = YES;
				GCC_WARN_UNUSED_VARIABLE = YES;
				IPHONEOS_DEPLOYMENT_TARGET = 11.4;
				MTL_ENABLE_DEBUG_INFO = YES;
				ONLY_ACTIVE_ARCH = YES;
				SDKROOT = iphoneos;
				SWIFT_ACTIVE_COMPILATION_CONDITIONS = DEBUG;
				SWIFT_OPTIMIZATION_LEVEL = "-Onone";
			};
			name = Debug;
		};
		FBB899AE21215A79003E23A7 /* Release */ = {
			isa = XCBuildConfiguration;
			buildSettings = {
				ALWAYS_SEARCH_USER_PATHS = NO;
				CLANG_ANALYZER_NONNULL = YES;
				CLANG_ANALYZER_NUMBER_OBJECT_CONVERSION = YES_AGGRESSIVE;
				CLANG_CXX_LANGUAGE_STANDARD = "gnu++14";
				CLANG_CXX_LIBRARY = "libc++";
				CLANG_ENABLE_MODULES = YES;
				CLANG_ENABLE_OBJC_ARC = YES;
				CLANG_ENABLE_OBJC_WEAK = YES;
				CLANG_WARN_BLOCK_CAPTURE_AUTORELEASING = YES;
				CLANG_WARN_BOOL_CONVERSION = YES;
				CLANG_WARN_COMMA = YES;
				CLANG_WARN_CONSTANT_CONVERSION = YES;
				CLANG_WARN_DEPRECATED_OBJC_IMPLEMENTATIONS = YES;
				CLANG_WARN_DIRECT_OBJC_ISA_USAGE = YES_ERROR;
				CLANG_WARN_DOCUMENTATION_COMMENTS = YES;
				CLANG_WARN_EMPTY_BODY = YES;
				CLANG_WARN_ENUM_CONVERSION = YES;
				CLANG_WARN_INFINITE_RECURSION = YES;
				CLANG_WARN_INT_CONVERSION = YES;
				CLANG_WARN_NON_LITERAL_NULL_CONVERSION = YES;
				CLANG_WARN_OBJC_IMPLICIT_RETAIN_SELF = YES;
				CLANG_WARN_OBJC_LITERAL_CONVERSION = YES;
				CLANG_WARN_OBJC_ROOT_CLASS = YES_ERROR;
				CLANG_WARN_RANGE_LOOP_ANALYSIS = YES;
				CLANG_WARN_STRICT_PROTOTYPES = YES;
				CLANG_WARN_SUSPICIOUS_MOVE = YES;
				CLANG_WARN_UNGUARDED_AVAILABILITY = YES_AGGRESSIVE;
				CLANG_WARN_UNREACHABLE_CODE = YES;
				CLANG_WARN__DUPLICATE_METHOD_MATCH = YES;
				CODE_SIGN_IDENTITY = "iPhone Developer";
				COPY_PHASE_STRIP = NO;
				DEBUG_INFORMATION_FORMAT = "dwarf-with-dsym";
				ENABLE_NS_ASSERTIONS = NO;
				ENABLE_STRICT_OBJC_MSGSEND = YES;
				GCC_C_LANGUAGE_STANDARD = gnu11;
				GCC_NO_COMMON_BLOCKS = YES;
				GCC_WARN_64_TO_32_BIT_CONVERSION = YES;
				GCC_WARN_ABOUT_RETURN_TYPE = YES_ERROR;
				GCC_WARN_UNDECLARED_SELECTOR = YES;
				GCC_WARN_UNINITIALIZED_AUTOS = YES_AGGRESSIVE;
				GCC_WARN_UNUSED_FUNCTION = YES;
				GCC_WARN_UNUSED_VARIABLE = YES;
				IPHONEOS_DEPLOYMENT_TARGET = 11.4;
				MTL_ENABLE_DEBUG_INFO = NO;
				SDKROOT = iphoneos;
				SWIFT_COMPILATION_MODE = wholemodule;
				SWIFT_OPTIMIZATION_LEVEL = "-O";
				VALIDATE_PRODUCT = YES;
			};
			name = Release;
		};
		FBB899B021215A79003E23A7 /* Debug */ = {
			isa = XCBuildConfiguration;
			buildSettings = {
				ASSETCATALOG_COMPILER_APPICON_NAME = AppIcon;
				CODE_SIGN_STYLE = Automatic;
				DEVELOPMENT_TEAM = "";
				INFOPLIST_FILE = "$(SRCROOT)/CartPole/Info.plist";
				LD_RUNPATH_SEARCH_PATHS = (
					"$(inherited)",
					"@executable_path/Frameworks",
				);
				PRODUCT_BUNDLE_IDENTIFIER = com.sailab.CertPole;
				PRODUCT_NAME = "$(TARGET_NAME)";
				SWIFT_VERSION = 4.0;
				TARGETED_DEVICE_FAMILY = "1,2";
			};
			name = Debug;
		};
		FBB899B121215A79003E23A7 /* Release */ = {
			isa = XCBuildConfiguration;
			buildSettings = {
				ASSETCATALOG_COMPILER_APPICON_NAME = AppIcon;
				CODE_SIGN_STYLE = Automatic;
				DEVELOPMENT_TEAM = "";
				INFOPLIST_FILE = "$(SRCROOT)/CartPole/Info.plist";
				LD_RUNPATH_SEARCH_PATHS = (
					"$(inherited)",
					"@executable_path/Frameworks",
				);
				PRODUCT_BUNDLE_IDENTIFIER = com.sailab.CertPole;
				PRODUCT_NAME = "$(TARGET_NAME)";
				SWIFT_VERSION = 4.0;
				TARGETED_DEVICE_FAMILY = "1,2";
			};
			name = Release;
		};
/* End XCBuildConfiguration section */

/* Begin XCConfigurationList section */
		FBB8999221215A78003E23A7 /* Build configuration list for PBXProject "CartPoleDeep" */ = {
			isa = XCConfigurationList;
			buildConfigurations = (
				FBB899AD21215A79003E23A7 /* Debug */,
				FBB899AE21215A79003E23A7 /* Release */,
			);
			defaultConfigurationIsVisible = 0;
			defaultConfigurationName = Release;
		};
		FBB899AF21215A79003E23A7 /* Build configuration list for PBXNativeTarget "CartPoleDeep" */ = {
			isa = XCConfigurationList;
			buildConfigurations = (
				FBB899B021215A79003E23A7 /* Debug */,
				FBB899B121215A79003E23A7 /* Release */,
			);
			defaultConfigurationIsVisible = 0;
			defaultConfigurationName = Release;
		};
/* End XCConfigurationList section */
	};
	rootObject = FBB8998F21215A78003E23A7 /* Project object */;
}
